
Microsoft Visual Studio Solution File, Format Version 12.00
# Visual Studio Version 16
VisualStudioVersion = 16.0.28803.202
MinimumVisualStudioVersion = 10.0.40219.1
Project("{9A19103F-16F7-4668-BE54-9A1E7A4F7556}") = "MusicBrainz.Api", "MusicBrainz.Api\MusicBrainz.Api.csproj", "{85E00067-CE3B-46A5-8643-AA6D53CB6BDF}"
EndProject
Project("{FAE04EC0-301F-11D3-BF4B-00C04F79EFBC}") = "MusicBrainz.Api.Test", "MusicBrainz.Api.Test\MusicBrainz.Api.Test.csproj", "{E187A116-3B1E-484A-8552-A8E1440FCDB9}"
EndProject
Global
	GlobalSection(SolutionConfigurationPlatforms) = preSolution
		Debug|Any CPU = Debug|Any CPU
		Release|Any CPU = Release|Any CPU
	EndGlobalSection
	GlobalSection(ProjectConfigurationPlatforms) = postSolution
		{85E00067-CE3B-46A5-8643-AA6D53CB6BDF}.Debug|Any CPU.ActiveCfg = Debug|Any CPU
		{85E00067-CE3B-46A5-8643-AA6D53CB6BDF}.Debug|Any CPU.Build.0 = Debug|Any CPU
		{85E00067-CE3B-46A5-8643-AA6D53CB6BDF}.Release|Any CPU.ActiveCfg = Release|Any CPU
		{85E00067-CE3B-46A5-8643-AA6D53CB6BDF}.Release|Any CPU.Build.0 = Release|Any CPU
		{E187A116-3B1E-484A-8552-A8E1440FCDB9}.Debug|Any CPU.ActiveCfg = Debug|Any CPU
		{E187A116-3B1E-484A-8552-A8E1440FCDB9}.Debug|Any CPU.Build.0 = Debug|Any CPU
		{E187A116-3B1E-484A-8552-A8E1440FCDB9}.Release|Any CPU.ActiveCfg = Release|Any CPU
		{E187A116-3B1E-484A-8552-A8E1440FCDB9}.Release|Any CPU.Build.0 = Release|Any CPU
	EndGlobalSection
	GlobalSection(SolutionProperties) = preSolution
		HideSolutionNode = FALSE
	EndGlobalSection
	GlobalSection(ExtensibilityGlobals) = postSolution
		SolutionGuid = {EA07E1E0-1497-47C0-BC15-828E4392331D}
	EndGlobalSection
EndGlobal
